// !$*UTF8*$!
{
	archiveVersion = 1;
	classes = {
	};
	objectVersion = 50;
	objects = {

/* Begin PBXBuildFile section */
		A5DE18F820D0BD10000DFDD9 /* AppDelegate.swift in Sources */ = {isa = PBXBuildFile; fileRef = A5DE18F720D0BD10000DFDD9 /* AppDelegate.swift */; };
		A5DE18FA20D0BD10000DFDD9 /* CardViewController.swift in Sources */ = {isa = PBXBuildFile; fileRef = A5DE18F920D0BD10000DFDD9 /* CardViewController.swift */; };
		A5DE18FD20D0BD10000DFDD9 /* Main.storyboard in Resources */ = {isa = PBXBuildFile; fileRef = A5DE18FB20D0BD10000DFDD9 /* Main.storyboard */; };
		A5DE18FF20D0BD12000DFDD9 /* Assets.xcassets in Resources */ = {isa = PBXBuildFile; fileRef = A5DE18FE20D0BD12000DFDD9 /* Assets.xcassets */; };
		A5DE190220D0BD12000DFDD9 /* LaunchScreen.storyboard in Resources */ = {isa = PBXBuildFile; fileRef = A5DE190020D0BD12000DFDD9 /* LaunchScreen.storyboard */; };
		A5DE190A20D0BE7B000DFDD9 /* RecordViewController.swift in Sources */ = {isa = PBXBuildFile; fileRef = A5DE190920D0BE7B000DFDD9 /* RecordViewController.swift */; };
		A5DE190C20D0C1D3000DFDD9 /* CardRecordCell.swift in Sources */ = {isa = PBXBuildFile; fileRef = A5DE190B20D0C1D3000DFDD9 /* CardRecordCell.swift */; };
		A5DE191020D0CE95000DFDD9 /* UserDefaults+Extension.swift in Sources */ = {isa = PBXBuildFile; fileRef = A5DE190F20D0CE95000DFDD9 /* UserDefaults+Extension.swift */; };
		A5DE191320D0D89C000DFDD9 /* Card.storyboard in Resources */ = {isa = PBXBuildFile; fileRef = A5DE191120D0D89C000DFDD9 /* Card.storyboard */; };
		F7A3C49F20D0E80F004C4E4F /* img2 in Resources */ = {isa = PBXBuildFile; fileRef = F7A3C49B20D0E80E004C4E4F /* img2 */; };
		F7A3C4A020D0E80F004C4E4F /* index_v2.html in Resources */ = {isa = PBXBuildFile; fileRef = F7A3C49C20D0E80F004C4E4F /* index_v2.html */; };
		F7A3C4A120D0E80F004C4E4F /* img in Resources */ = {isa = PBXBuildFile; fileRef = F7A3C49D20D0E80F004C4E4F /* img */; };
		F7A3C4A220D0E80F004C4E4F /* src_v2 in Resources */ = {isa = PBXBuildFile; fileRef = F7A3C49E20D0E80F004C4E4F /* src_v2 */; };
/* End PBXBuildFile section */

/* Begin PBXFileReference section */
		A5DE18F420D0BD10000DFDD9 /* CardGameWithWeb.app */ = {isa = PBXFileReference; explicitFileType = wrapper.application; includeInIndex = 0; path = CardGameWithWeb.app; sourceTree = BUILT_PRODUCTS_DIR; };
		A5DE18F720D0BD10000DFDD9 /* AppDelegate.swift */ = {isa = PBXFileReference; lastKnownFileType = sourcecode.swift; path = AppDelegate.swift; sourceTree = "<group>"; };
		A5DE18F920D0BD10000DFDD9 /* CardViewController.swift */ = {isa = PBXFileReference; lastKnownFileType = sourcecode.swift; path = CardViewController.swift; sourceTree = "<group>"; };
		A5DE18FC20D0BD10000DFDD9 /* Base */ = {isa = PBXFileReference; lastKnownFileType = file.storyboard; name = Base; path = Base.lproj/Main.storyboard; sourceTree = "<group>"; };
		A5DE18FE20D0BD12000DFDD9 /* Assets.xcassets */ = {isa = PBXFileReference; lastKnownFileType = folder.assetcatalog; path = Assets.xcassets; sourceTree = "<group>"; };
		A5DE190120D0BD12000DFDD9 /* Base */ = {isa = PBXFileReference; lastKnownFileType = file.storyboard; name = Base; path = Base.lproj/LaunchScreen.storyboard; sourceTree = "<group>"; };
		A5DE190320D0BD12000DFDD9 /* Info.plist */ = {isa = PBXFileReference; lastKnownFileType = text.plist.xml; path = Info.plist; sourceTree = "<group>"; };
		A5DE190920D0BE7B000DFDD9 /* RecordViewController.swift */ = {isa = PBXFileReference; lastKnownFileType = sourcecode.swift; path = RecordViewController.swift; sourceTree = "<group>"; };
		A5DE190B20D0C1D3000DFDD9 /* CardRecordCell.swift */ = {isa = PBXFileReference; lastKnownFileType = sourcecode.swift; path = CardRecordCell.swift; sourceTree = "<group>"; };
		A5DE190F20D0CE95000DFDD9 /* UserDefaults+Extension.swift */ = {isa = PBXFileReference; lastKnownFileType = sourcecode.swift; path = "UserDefaults+Extension.swift"; sourceTree = "<group>"; };
		A5DE191220D0D89C000DFDD9 /* Base */ = {isa = PBXFileReference; lastKnownFileType = file.storyboard; name = Base; path = CardGameWithWeb/Base.lproj/Card.storyboard; sourceTree = "<group>"; };
		F7A3C49B20D0E80E004C4E4F /* img2 */ = {isa = PBXFileReference; lastKnownFileType = folder; name = img2; path = "../../web-card/img2"; sourceTree = "<group>"; };
		F7A3C49C20D0E80F004C4E4F /* index_v2.html */ = {isa = PBXFileReference; fileEncoding = 4; lastKnownFileType = text.html; name = index_v2.html; path = "../../web-card/index_v2.html"; sourceTree = "<group>"; };
		F7A3C49D20D0E80F004C4E4F /* img */ = {isa = PBXFileReference; lastKnownFileType = folder; name = img; path = "../../web-card/img"; sourceTree = "<group>"; };
		F7A3C49E20D0E80F004C4E4F /* src_v2 */ = {isa = PBXFileReference; lastKnownFileType = folder; name = src_v2; path = "../../web-card/src_v2"; sourceTree = "<group>"; };
/* End PBXFileReference section */

/* Begin PBXFrameworksBuildPhase section */
		A5DE18F120D0BD10000DFDD9 /* Frameworks */ = {
			isa = PBXFrameworksBuildPhase;
			buildActionMask = 2147483647;
			files = (
			);
			runOnlyForDeploymentPostprocessing = 0;
		};
/* End PBXFrameworksBuildPhase section */

/* Begin PBXGroup section */
		A5DE18EB20D0BD10000DFDD9 = {
			isa = PBXGroup;
			children = (
				A5DE191120D0D89C000DFDD9 /* Card.storyboard */,
				A5DE18F620D0BD10000DFDD9 /* CardGameWithWeb */,
				A5DE18F520D0BD10000DFDD9 /* Products */,
			);
			sourceTree = "<group>";
		};
		A5DE18F520D0BD10000DFDD9 /* Products */ = {
			isa = PBXGroup;
			children = (
				A5DE18F420D0BD10000DFDD9 /* CardGameWithWeb.app */,
			);
			name = Products;
			sourceTree = "<group>";
		};
		A5DE18F620D0BD10000DFDD9 /* CardGameWithWeb */ = {
			isa = PBXGroup;
			children = (
				A5DE18F720D0BD10000DFDD9 /* AppDelegate.swift */,
				A5DE18F920D0BD10000DFDD9 /* CardViewController.swift */,
				A5DE190920D0BE7B000DFDD9 /* RecordViewController.swift */,
				A5DE190B20D0C1D3000DFDD9 /* CardRecordCell.swift */,
				A5DE190F20D0CE95000DFDD9 /* UserDefaults+Extension.swift */,
				A5DE18FB20D0BD10000DFDD9 /* Main.storyboard */,
				A5DE18FE20D0BD12000DFDD9 /* Assets.xcassets */,
				A5DE190020D0BD12000DFDD9 /* LaunchScreen.storyboard */,
				A5DE190320D0BD12000DFDD9 /* Info.plist */,
				F7A3C49D20D0E80F004C4E4F /* img */,
				F7A3C49B20D0E80E004C4E4F /* img2 */,
				F7A3C49C20D0E80F004C4E4F /* index_v2.html */,
				F7A3C49E20D0E80F004C4E4F /* src_v2 */,
			);
			path = CardGameWithWeb;
			sourceTree = "<group>";
		};
/* End PBXGroup section */

/* Begin PBXNativeTarget section */
		A5DE18F320D0BD10000DFDD9 /* CardGameWithWeb */ = {
			isa = PBXNativeTarget;
			buildConfigurationList = A5DE190620D0BD12000DFDD9 /* Build configuration list for PBXNativeTarget "CardGameWithWeb" */;
			buildPhases = (
				A5DE18F020D0BD10000DFDD9 /* Sources */,
				A5DE18F120D0BD10000DFDD9 /* Frameworks */,
				A5DE18F220D0BD10000DFDD9 /* Resources */,
			);
			buildRules = (
			);
			dependencies = (
			);
			name = CardGameWithWeb;
			productName = CardGameWithWeb;
			productReference = A5DE18F420D0BD10000DFDD9 /* CardGameWithWeb.app */;
			productType = "com.apple.product-type.application";
		};
/* End PBXNativeTarget section */

/* Begin PBXProject section */
		A5DE18EC20D0BD10000DFDD9 /* Project object */ = {
			isa = PBXProject;
			attributes = {
				LastSwiftUpdateCheck = 0930;
				LastUpgradeCheck = 0930;
				ORGANIZATIONNAME = Morris;
				TargetAttributes = {
					A5DE18F320D0BD10000DFDD9 = {
						CreatedOnToolsVersion = 9.3.1;
					};
				};
			};
			buildConfigurationList = A5DE18EF20D0BD10000DFDD9 /* Build configuration list for PBXProject "CardGameWithWeb" */;
			compatibilityVersion = "Xcode 9.3";
			developmentRegion = en;
			hasScannedForEncodings = 0;
			knownRegions = (
				en,
				Base,
			);
			mainGroup = A5DE18EB20D0BD10000DFDD9;
			productRefGroup = A5DE18F520D0BD10000DFDD9 /* Products */;
			projectDirPath = "";
			projectRoot = "";
			targets = (
				A5DE18F320D0BD10000DFDD9 /* CardGameWithWeb */,
			);
		};
/* End PBXProject section */

/* Begin PBXResourcesBuildPhase section */
		A5DE18F220D0BD10000DFDD9 /* Resources */ = {
			isa = PBXResourcesBuildPhase;
			buildActionMask = 2147483647;
			files = (
				A5DE191320D0D89C000DFDD9 /* Card.storyboard in Resources */,
				A5DE190220D0BD12000DFDD9 /* LaunchScreen.storyboard in Resources */,
				F7A3C4A120D0E80F004C4E4F /* img in Resources */,
				A5DE18FF20D0BD12000DFDD9 /* Assets.xcassets in Resources */,
				F7A3C4A020D0E80F004C4E4F /* index_v2.html in Resources */,
				F7A3C4A220D0E80F004C4E4F /* src_v2 in Resources */,
				A5DE18FD20D0BD10000DFDD9 /* Main.storyboard in Resources */,
				F7A3C49F20D0E80F004C4E4F /* img2 in Resources */,
			);
			runOnlyForDeploymentPostprocessing = 0;
		};
/* End PBXResourcesBuildPhase section */

/* Begin PBXSourcesBuildPhase section */
		A5DE18F020D0BD10000DFDD9 /* Sources */ = {
			isa = PBXSourcesBuildPhase;
			buildActionMask = 2147483647;
			files = (
				A5DE190C20D0C1D3000DFDD9 /* CardRecordCell.swift in Sources */,
				A5DE190A20D0BE7B000DFDD9 /* RecordViewController.swift in Sources */,
				A5DE18FA20D0BD10000DFDD9 /* CardViewController.swift in Sources */,
				A5DE191020D0CE95000DFDD9 /* UserDefaults+Extension.swift in Sources */,
				A5DE18F820D0BD10000DFDD9 /* AppDelegate.swift in Sources */,
			);
			runOnlyForDeploymentPostprocessing = 0;
		};
/* End PBXSourcesBuildPhase section */

/* Begin PBXVariantGroup section */
		A5DE18FB20D0BD10000DFDD9 /* Main.storyboard */ = {
			isa = PBXVariantGroup;
			children = (
				A5DE18FC20D0BD10000DFDD9 /* Base */,
			);
			name = Main.storyboard;
			sourceTree = "<group>";
		};
		A5DE190020D0BD12000DFDD9 /* LaunchScreen.storyboard */ = {
			isa = PBXVariantGroup;
			children = (
				A5DE190120D0BD12000DFDD9 /* Base */,
			);
			name = LaunchScreen.storyboard;
			sourceTree = "<group>";
		};
		A5DE191120D0D89C000DFDD9 /* Card.storyboard */ = {
			isa = PBXVariantGroup;
			children = (
				A5DE191220D0D89C000DFDD9 /* Base */,
			);
			name = Card.storyboard;
			sourceTree = "<group>";
		};
/* End PBXVariantGroup section */

/* Begin XCBuildConfiguration section */
		A5DE190420D0BD12000DFDD9 /* Debug */ = {
			isa = XCBuildConfiguration;
			buildSettings = {
				ALWAYS_SEARCH_USER_PATHS = NO;
				CLANG_ANALYZER_NONNULL = YES;
				CLANG_ANALYZER_NUMBER_OBJECT_CONVERSION = YES_AGGRESSIVE;
				CLANG_CXX_LANGUAGE_STANDARD = "gnu++14";
				CLANG_CXX_LIBRARY = "libc++";
				CLANG_ENABLE_MODULES = YES;
				CLANG_ENABLE_OBJC_ARC = YES;
				CLANG_ENABLE_OBJC_WEAK = YES;
				CLANG_WARN_BLOCK_CAPTURE_AUTORELEASING = YES;
				CLANG_WARN_BOOL_CONVERSION = YES;
				CLANG_WARN_COMMA = YES;
				CLANG_WARN_CONSTANT_CONVERSION = YES;
				CLANG_WARN_DEPRECATED_OBJC_IMPLEMENTATIONS = YES;
				CLANG_WARN_DIRECT_OBJC_ISA_USAGE = YES_ERROR;
				CLANG_WARN_DOCUMENTATION_COMMENTS = YES;
				CLANG_WARN_EMPTY_BODY = YES;
				CLANG_WARN_ENUM_CONVERSION = YES;
				CLANG_WARN_INFINITE_RECURSION = YES;
				CLANG_WARN_INT_CONVERSION = YES;
				CLANG_WARN_NON_LITERAL_NULL_CONVERSION = YES;
				CLANG_WARN_OBJC_IMPLICIT_RETAIN_SELF = YES;
				CLANG_WARN_OBJC_LITERAL_CONVERSION = YES;
				CLANG_WARN_OBJC_ROOT_CLASS = YES_ERROR;
				CLANG_WARN_RANGE_LOOP_ANALYSIS = YES;
				CLANG_WARN_STRICT_PROTOTYPES = YES;
				CLANG_WARN_SUSPICIOUS_MOVE = YES;
				CLANG_WARN_UNGUARDED_AVAILABILITY = YES_AGGRESSIVE;
				CLANG_WARN_UNREACHABLE_CODE = YES;
				CLANG_WARN__DUPLICATE_METHOD_MATCH = YES;
				CODE_SIGN_IDENTITY = "iPhone Developer";
				COPY_PHASE_STRIP = NO;
				DEBUG_INFORMATION_FORMAT = dwarf;
				ENABLE_STRICT_OBJC_MSGSEND = YES;
				ENABLE_TESTABILITY = YES;
				GCC_C_LANGUAGE_STANDARD = gnu11;
				GCC_DYNAMIC_NO_PIC = NO;
				GCC_NO_COMMON_BLOCKS = YES;
				GCC_OPTIMIZATION_LEVEL = 0;
				GCC_PREPROCESSOR_DEFINITIONS = (
					"DEBUG=1",
					"$(inherited)",
				);
				GCC_WARN_64_TO_32_BIT_CONVERSION = YES;
				GCC_WARN_ABOUT_RETURN_TYPE = YES_ERROR;
				GCC_WARN_UNDECLARED_SELECTOR = YES;
				GCC_WARN_UNINITIALIZED_AUTOS = YES_AGGRESSIVE;
				GCC_WARN_UNUSED_FUNCTION = YES;
				GCC_WARN_UNUSED_VARIABLE = YES;
				IPHONEOS_DEPLOYMENT_TARGET = 11.3;
				MTL_ENABLE_DEBUG_INFO = YES;
				ONLY_ACTIVE_ARCH = YES;
				SDKROOT = iphoneos;
				SWIFT_ACTIVE_COMPILATION_CONDITIONS = DEBUG;
				SWIFT_OPTIMIZATION_LEVEL = "-Onone";
			};
			name = Debug;
		};
		A5DE190520D0BD12000DFDD9 /* Release */ = {
			isa = XCBuildConfiguration;
			buildSettings = {
				ALWAYS_SEARCH_USER_PATHS = NO;
				CLANG_ANALYZER_NONNULL = YES;
				CLANG_ANALYZER_NUMBER_OBJECT_CONVERSION = YES_AGGRESSIVE;
				CLANG_CXX_LANGUAGE_STANDARD = "gnu++14";
				CLANG_CXX_LIBRARY = "libc++";
				CLANG_ENABLE_MODULES = YES;
				CLANG_ENABLE_OBJC_ARC = YES;
				CLANG_ENABLE_OBJC_WEAK = YES;
				CLANG_WARN_BLOCK_CAPTURE_AUTORELEASING = YES;
				CLANG_WARN_BOOL_CONVERSION = YES;
				CLANG_WARN_COMMA = YES;
				CLANG_WARN_CONSTANT_CONVERSION = YES;
				CLANG_WARN_DEPRECATED_OBJC_IMPLEMENTATIONS = YES;
				CLANG_WARN_DIRECT_OBJC_ISA_USAGE = YES_ERROR;
				CLANG_WARN_DOCUMENTATION_COMMENTS = YES;
				CLANG_WARN_EMPTY_BODY = YES;
				CLANG_WARN_ENUM_CONVERSION = YES;
				CLANG_WARN_INFINITE_RECURSION = YES;
				CLANG_WARN_INT_CONVERSION = YES;
				CLANG_WARN_NON_LITERAL_NULL_CONVERSION = YES;
				CLANG_WARN_OBJC_IMPLICIT_RETAIN_SELF = YES;
				CLANG_WARN_OBJC_LITERAL_CONVERSION = YES;
				CLANG_WARN_OBJC_ROOT_CLASS = YES_ERROR;
				CLANG_WARN_RANGE_LOOP_ANALYSIS = YES;
				CLANG_WARN_STRICT_PROTOTYPES = YES;
				CLANG_WARN_SUSPICIOUS_MOVE = YES;
				CLANG_WARN_UNGUARDED_AVAILABILITY = YES_AGGRESSIVE;
				CLANG_WARN_UNREACHABLE_CODE = YES;
				CLANG_WARN__DUPLICATE_METHOD_MATCH = YES;
				CODE_SIGN_IDENTITY = "iPhone Developer";
				COPY_PHASE_STRIP = NO;
				DEBUG_INFORMATION_FORMAT = "dwarf-with-dsym";
				ENABLE_NS_ASSERTIONS = NO;
				ENABLE_STRICT_OBJC_MSGSEND = YES;
				GCC_C_LANGUAGE_STANDARD = gnu11;
				GCC_NO_COMMON_BLOCKS = YES;
				GCC_WARN_64_TO_32_BIT_CONVERSION = YES;
				GCC_WARN_ABOUT_RETURN_TYPE = YES_ERROR;
				GCC_WARN_UNDECLARED_SELECTOR = YES;
				GCC_WARN_UNINITIALIZED_AUTOS = YES_AGGRESSIVE;
				GCC_WARN_UNUSED_FUNCTION = YES;
				GCC_WARN_UNUSED_VARIABLE = YES;
				IPHONEOS_DEPLOYMENT_TARGET = 11.3;
				MTL_ENABLE_DEBUG_INFO = NO;
				SDKROOT = iphoneos;
				SWIFT_COMPILATION_MODE = wholemodule;
				SWIFT_OPTIMIZATION_LEVEL = "-O";
				VALIDATE_PRODUCT = YES;
			};
			name = Release;
		};
		A5DE190720D0BD12000DFDD9 /* Debug */ = {
			isa = XCBuildConfiguration;
			buildSettings = {
				ASSETCATALOG_COMPILER_APPICON_NAME = AppIcon;
				CODE_SIGN_STYLE = Automatic;
				DEVELOPMENT_TEAM = W7LY8NA626;
				INFOPLIST_FILE = CardGameWithWeb/Info.plist;
				LD_RUNPATH_SEARCH_PATHS = (
					"$(inherited)",
					"@executable_path/Frameworks",
				);
				PRODUCT_BUNDLE_IDENTIFIER = com.morrislwt.CardGameWithWeb;
				PRODUCT_NAME = "$(TARGET_NAME)";
				SWIFT_VERSION = 4.0;
				TARGETED_DEVICE_FAMILY = "1,2";
			};
			name = Debug;
		};
		A5DE190820D0BD12000DFDD9 /* Release */ = {
			isa = XCBuildConfiguration;
			buildSettings = {
				ASSETCATALOG_COMPILER_APPICON_NAME = AppIcon;
				CODE_SIGN_STYLE = Automatic;
				DEVELOPMENT_TEAM = W7LY8NA626;
				INFOPLIST_FILE = CardGameWithWeb/Info.plist;
				LD_RUNPATH_SEARCH_PATHS = (
					"$(inherited)",
					"@executable_path/Frameworks",
				);
				PRODUCT_BUNDLE_IDENTIFIER = com.morrislwt.CardGameWithWeb;
				PRODUCT_NAME = "$(TARGET_NAME)";
				SWIFT_VERSION = 4.0;
				TARGETED_DEVICE_FAMILY = "1,2";
			};
			name = Release;
		};
/* End XCBuildConfiguration section */

/* Begin XCConfigurationList section */
		A5DE18EF20D0BD10000DFDD9 /* Build configuration list for PBXProject "CardGameWithWeb" */ = {
			isa = XCConfigurationList;
			buildConfigurations = (
				A5DE190420D0BD12000DFDD9 /* Debug */,
				A5DE190520D0BD12000DFDD9 /* Release */,
			);
			defaultConfigurationIsVisible = 0;
			defaultConfigurationName = Release;
		};
		A5DE190620D0BD12000DFDD9 /* Build configuration list for PBXNativeTarget "CardGameWithWeb" */ = {
			isa = XCConfigurationList;
			buildConfigurations = (
				A5DE190720D0BD12000DFDD9 /* Debug */,
				A5DE190820D0BD12000DFDD9 /* Release */,
			);
			defaultConfigurationIsVisible = 0;
			defaultConfigurationName = Release;
		};
/* End XCConfigurationList section */
	};
	rootObject = A5DE18EC20D0BD10000DFDD9 /* Project object */;
}
